// !$*UTF8*$!
{
	archiveVersion = 1;
	classes = {
	};
	objectVersion = 50;
	objects = {

/* Begin PBXBuildFile section */
		DA3F24F322F4605E0040257C /* AboutMeViewController.swift in Sources */ = {isa = PBXBuildFile; fileRef = DA3F24F222F4605E0040257C /* AboutMeViewController.swift */; };
		DA3F24F522F460A60040257C /* ProgressViewController.swift in Sources */ = {isa = PBXBuildFile; fileRef = DA3F24F422F460A60040257C /* ProgressViewController.swift */; };
		DA3F24F722F460CD0040257C /* HobbyViewController.swift in Sources */ = {isa = PBXBuildFile; fileRef = DA3F24F622F460CD0040257C /* HobbyViewController.swift */; };
		DA3F24FB22F478D30040257C /* WorkWithMeViewController.swift in Sources */ = {isa = PBXBuildFile; fileRef = DA3F24FA22F478D30040257C /* WorkWithMeViewController.swift */; };
		DA3FE6D522F3E32E005F2FFD /* AppDelegate.swift in Sources */ = {isa = PBXBuildFile; fileRef = DA3FE6D422F3E32E005F2FFD /* AppDelegate.swift */; };
		DA3FE6D722F3E32E005F2FFD /* ViewController.swift in Sources */ = {isa = PBXBuildFile; fileRef = DA3FE6D622F3E32E005F2FFD /* ViewController.swift */; };
		DA3FE6DA22F3E32E005F2FFD /* Main.storyboard in Resources */ = {isa = PBXBuildFile; fileRef = DA3FE6D822F3E32E005F2FFD /* Main.storyboard */; };
		DA3FE6DC22F3E32F005F2FFD /* Assets.xcassets in Resources */ = {isa = PBXBuildFile; fileRef = DA3FE6DB22F3E32F005F2FFD /* Assets.xcassets */; };
		DA3FE6DF22F3E32F005F2FFD /* LaunchScreen.storyboard in Resources */ = {isa = PBXBuildFile; fileRef = DA3FE6DD22F3E32F005F2FFD /* LaunchScreen.storyboard */; };
/* End PBXBuildFile section */

/* Begin PBXFileReference section */
		DA3F24F222F4605E0040257C /* AboutMeViewController.swift */ = {isa = PBXFileReference; lastKnownFileType = sourcecode.swift; path = AboutMeViewController.swift; sourceTree = "<group>"; };
		DA3F24F422F460A60040257C /* ProgressViewController.swift */ = {isa = PBXFileReference; lastKnownFileType = sourcecode.swift; path = ProgressViewController.swift; sourceTree = "<group>"; };
		DA3F24F622F460CD0040257C /* HobbyViewController.swift */ = {isa = PBXFileReference; lastKnownFileType = sourcecode.swift; path = HobbyViewController.swift; sourceTree = "<group>"; };
		DA3F24FA22F478D30040257C /* WorkWithMeViewController.swift */ = {isa = PBXFileReference; lastKnownFileType = sourcecode.swift; path = WorkWithMeViewController.swift; sourceTree = "<group>"; };
		DA3FE6D122F3E32E005F2FFD /* About me.app */ = {isa = PBXFileReference; explicitFileType = wrapper.application; includeInIndex = 0; path = "About me.app"; sourceTree = BUILT_PRODUCTS_DIR; };
		DA3FE6D422F3E32E005F2FFD /* AppDelegate.swift */ = {isa = PBXFileReference; lastKnownFileType = sourcecode.swift; path = AppDelegate.swift; sourceTree = "<group>"; };
		DA3FE6D622F3E32E005F2FFD /* ViewController.swift */ = {isa = PBXFileReference; lastKnownFileType = sourcecode.swift; path = ViewController.swift; sourceTree = "<group>"; };
		DA3FE6D922F3E32E005F2FFD /* Base */ = {isa = PBXFileReference; lastKnownFileType = file.storyboard; name = Base; path = Base.lproj/Main.storyboard; sourceTree = "<group>"; };
		DA3FE6DB22F3E32F005F2FFD /* Assets.xcassets */ = {isa = PBXFileReference; lastKnownFileType = folder.assetcatalog; path = Assets.xcassets; sourceTree = "<group>"; };
		DA3FE6DE22F3E32F005F2FFD /* Base */ = {isa = PBXFileReference; lastKnownFileType = file.storyboard; name = Base; path = Base.lproj/LaunchScreen.storyboard; sourceTree = "<group>"; };
		DA3FE6E022F3E32F005F2FFD /* Info.plist */ = {isa = PBXFileReference; lastKnownFileType = text.plist.xml; path = Info.plist; sourceTree = "<group>"; };
/* End PBXFileReference section */

/* Begin PBXFrameworksBuildPhase section */
		DA3FE6CE22F3E32E005F2FFD /* Frameworks */ = {
			isa = PBXFrameworksBuildPhase;
			buildActionMask = 2147483647;
			files = (
			);
			runOnlyForDeploymentPostprocessing = 0;
		};
/* End PBXFrameworksBuildPhase section */

/* Begin PBXGroup section */
		DA3FE6C822F3E32D005F2FFD = {
			isa = PBXGroup;
			children = (
				DA3FE6D322F3E32E005F2FFD /* About me */,
				DA3FE6D222F3E32E005F2FFD /* Products */,
			);
			sourceTree = "<group>";
		};
		DA3FE6D222F3E32E005F2FFD /* Products */ = {
			isa = PBXGroup;
			children = (
				DA3FE6D122F3E32E005F2FFD /* About me.app */,
			);
			name = Products;
			sourceTree = "<group>";
		};
		DA3FE6D322F3E32E005F2FFD /* About me */ = {
			isa = PBXGroup;
			children = (
				DA3FE6D422F3E32E005F2FFD /* AppDelegate.swift */,
				DA3FE6D622F3E32E005F2FFD /* ViewController.swift */,
				DA3F24F222F4605E0040257C /* AboutMeViewController.swift */,
				DA3F24F622F460CD0040257C /* HobbyViewController.swift */,
				DA3F24F422F460A60040257C /* ProgressViewController.swift */,
				DA3F24FA22F478D30040257C /* WorkWithMeViewController.swift */,
				DA3FE6D822F3E32E005F2FFD /* Main.storyboard */,
				DA3FE6DB22F3E32F005F2FFD /* Assets.xcassets */,
				DA3FE6DD22F3E32F005F2FFD /* LaunchScreen.storyboard */,
				DA3FE6E022F3E32F005F2FFD /* Info.plist */,
			);
			path = "About me";
			sourceTree = "<group>";
		};
/* End PBXGroup section */

/* Begin PBXNativeTarget section */
		DA3FE6D022F3E32E005F2FFD /* About me */ = {
			isa = PBXNativeTarget;
			buildConfigurationList = DA3FE6E322F3E32F005F2FFD /* Build configuration list for PBXNativeTarget "About me" */;
			buildPhases = (
				DA3FE6CD22F3E32E005F2FFD /* Sources */,
				DA3FE6CE22F3E32E005F2FFD /* Frameworks */,
				DA3FE6CF22F3E32E005F2FFD /* Resources */,
			);
			buildRules = (
			);
			dependencies = (
			);
			name = "About me";
			productName = "About me";
			productReference = DA3FE6D122F3E32E005F2FFD /* About me.app */;
			productType = "com.apple.product-type.application";
		};
/* End PBXNativeTarget section */

/* Begin PBXProject section */
		DA3FE6C922F3E32D005F2FFD /* Project object */ = {
			isa = PBXProject;
			attributes = {
				LastSwiftUpdateCheck = 1030;
				LastUpgradeCheck = 1030;
				ORGANIZATIONNAME = "Borys Krisko";
				TargetAttributes = {
					DA3FE6D022F3E32E005F2FFD = {
						CreatedOnToolsVersion = 10.3;
					};
				};
			};
			buildConfigurationList = DA3FE6CC22F3E32D005F2FFD /* Build configuration list for PBXProject "About me" */;
			compatibilityVersion = "Xcode 9.3";
			developmentRegion = en;
			hasScannedForEncodings = 0;
			knownRegions = (
				en,
				Base,
			);
			mainGroup = DA3FE6C822F3E32D005F2FFD;
			productRefGroup = DA3FE6D222F3E32E005F2FFD /* Products */;
			projectDirPath = "";
			projectRoot = "";
			targets = (
				DA3FE6D022F3E32E005F2FFD /* About me */,
			);
		};
/* End PBXProject section */

/* Begin PBXResourcesBuildPhase section */
		DA3FE6CF22F3E32E005F2FFD /* Resources */ = {
			isa = PBXResourcesBuildPhase;
			buildActionMask = 2147483647;
			files = (
				DA3FE6DF22F3E32F005F2FFD /* LaunchScreen.storyboard in Resources */,
				DA3FE6DC22F3E32F005F2FFD /* Assets.xcassets in Resources */,
				DA3FE6DA22F3E32E005F2FFD /* Main.storyboard in Resources */,
			);
			runOnlyForDeploymentPostprocessing = 0;
		};
/* End PBXResourcesBuildPhase section */

/* Begin PBXSourcesBuildPhase section */
		DA3FE6CD22F3E32E005F2FFD /* Sources */ = {
			isa = PBXSourcesBuildPhase;
			buildActionMask = 2147483647;
			files = (
				DA3FE6D722F3E32E005F2FFD /* ViewController.swift in Sources */,
				DA3F24FB22F478D30040257C /* WorkWithMeViewController.swift in Sources */,
				DA3F24F322F4605E0040257C /* AboutMeViewController.swift in Sources */,
				DA3F24F722F460CD0040257C /* HobbyViewController.swift in Sources */,
				DA3FE6D522F3E32E005F2FFD /* AppDelegate.swift in Sources */,
				DA3F24F522F460A60040257C /* ProgressViewController.swift in Sources */,
			);
			runOnlyForDeploymentPostprocessing = 0;
		};
/* End PBXSourcesBuildPhase section */

/* Begin PBXVariantGroup section */
		DA3FE6D822F3E32E005F2FFD /* Main.storyboard */ = {
			isa = PBXVariantGroup;
			children = (
				DA3FE6D922F3E32E005F2FFD /* Base */,
			);
			name = Main.storyboard;
			sourceTree = "<group>";
		};
		DA3FE6DD22F3E32F005F2FFD /* LaunchScreen.storyboard */ = {
			isa = PBXVariantGroup;
			children = (
				DA3FE6DE22F3E32F005F2FFD /* Base */,
			);
			name = LaunchScreen.storyboard;
			sourceTree = "<group>";
		};
/* End PBXVariantGroup section */

/* Begin XCBuildConfiguration section */
		DA3FE6E122F3E32F005F2FFD /* Debug */ = {
			isa = XCBuildConfiguration;
			buildSettings = {
				ALWAYS_SEARCH_USER_PATHS = NO;
				CLANG_ANALYZER_NONNULL = YES;
				CLANG_ANALYZER_NUMBER_OBJECT_CONVERSION = YES_AGGRESSIVE;
				CLANG_CXX_LANGUAGE_STANDARD = "gnu++14";
				CLANG_CXX_LIBRARY = "libc++";
				CLANG_ENABLE_MODULES = YES;
				CLANG_ENABLE_OBJC_ARC = YES;
				CLANG_ENABLE_OBJC_WEAK = YES;
				CLANG_WARN_BLOCK_CAPTURE_AUTORELEASING = YES;
				CLANG_WARN_BOOL_CONVERSION = YES;
				CLANG_WARN_COMMA = YES;
				CLANG_WARN_CONSTANT_CONVERSION = YES;
				CLANG_WARN_DEPRECATED_OBJC_IMPLEMENTATIONS = YES;
				CLANG_WARN_DIRECT_OBJC_ISA_USAGE = YES_ERROR;
				CLANG_WARN_DOCUMENTATION_COMMENTS = YES;
				CLANG_WARN_EMPTY_BODY = YES;
				CLANG_WARN_ENUM_CONVERSION = YES;
				CLANG_WARN_INFINITE_RECURSION = YES;
				CLANG_WARN_INT_CONVERSION = YES;
				CLANG_WARN_NON_LITERAL_NULL_CONVERSION = YES;
				CLANG_WARN_OBJC_IMPLICIT_RETAIN_SELF = YES;
				CLANG_WARN_OBJC_LITERAL_CONVERSION = YES;
				CLANG_WARN_OBJC_ROOT_CLASS = YES_ERROR;
				CLANG_WARN_RANGE_LOOP_ANALYSIS = YES;
				CLANG_WARN_STRICT_PROTOTYPES = YES;
				CLANG_WARN_SUSPICIOUS_MOVE = YES;
				CLANG_WARN_UNGUARDED_AVAILABILITY = YES_AGGRESSIVE;
				CLANG_WARN_UNREACHABLE_CODE = YES;
				CLANG_WARN__DUPLICATE_METHOD_MATCH = YES;
				CODE_SIGN_IDENTITY = "iPhone Developer";
				COPY_PHASE_STRIP = NO;
				DEBUG_INFORMATION_FORMAT = dwarf;
				ENABLE_STRICT_OBJC_MSGSEND = YES;
				ENABLE_TESTABILITY = YES;
				GCC_C_LANGUAGE_STANDARD = gnu11;
				GCC_DYNAMIC_NO_PIC = NO;
				GCC_NO_COMMON_BLOCKS = YES;
				GCC_OPTIMIZATION_LEVEL = 0;
				GCC_PREPROCESSOR_DEFINITIONS = (
					"DEBUG=1",
					"$(inherited)",
				);
				GCC_WARN_64_TO_32_BIT_CONVERSION = YES;
				GCC_WARN_ABOUT_RETURN_TYPE = YES_ERROR;
				GCC_WARN_UNDECLARED_SELECTOR = YES;
				GCC_WARN_UNINITIALIZED_AUTOS = YES_AGGRESSIVE;
				GCC_WARN_UNUSED_FUNCTION = YES;
				GCC_WARN_UNUSED_VARIABLE = YES;
				IPHONEOS_DEPLOYMENT_TARGET = 12.4;
				MTL_ENABLE_DEBUG_INFO = INCLUDE_SOURCE;
				MTL_FAST_MATH = YES;
				ONLY_ACTIVE_ARCH = YES;
				SDKROOT = iphoneos;
				SWIFT_ACTIVE_COMPILATION_CONDITIONS = DEBUG;
				SWIFT_OPTIMIZATION_LEVEL = "-Onone";
			};
			name = Debug;
		};
		DA3FE6E222F3E32F005F2FFD /* Release */ = {
			isa = XCBuildConfiguration;
			buildSettings = {
				ALWAYS_SEARCH_USER_PATHS = NO;
				CLANG_ANALYZER_NONNULL = YES;
				CLANG_ANALYZER_NUMBER_OBJECT_CONVERSION = YES_AGGRESSIVE;
				CLANG_CXX_LANGUAGE_STANDARD = "gnu++14";
				CLANG_CXX_LIBRARY = "libc++";
				CLANG_ENABLE_MODULES = YES;
				CLANG_ENABLE_OBJC_ARC = YES;
				CLANG_ENABLE_OBJC_WEAK = YES;
				CLANG_WARN_BLOCK_CAPTURE_AUTORELEASING = YES;
				CLANG_WARN_BOOL_CONVERSION = YES;
				CLANG_WARN_COMMA = YES;
				CLANG_WARN_CONSTANT_CONVERSION = YES;
				CLANG_WARN_DEPRECATED_OBJC_IMPLEMENTATIONS = YES;
				CLANG_WARN_DIRECT_OBJC_ISA_USAGE = YES_ERROR;
				CLANG_WARN_DOCUMENTATION_COMMENTS = YES;
				CLANG_WARN_EMPTY_BODY = YES;
				CLANG_WARN_ENUM_CONVERSION = YES;
				CLANG_WARN_INFINITE_RECURSION = YES;
				CLANG_WARN_INT_CONVERSION = YES;
				CLANG_WARN_NON_LITERAL_NULL_CONVERSION = YES;
				CLANG_WARN_OBJC_IMPLICIT_RETAIN_SELF = YES;
				CLANG_WARN_OBJC_LITERAL_CONVERSION = YES;
				CLANG_WARN_OBJC_ROOT_CLASS = YES_ERROR;
				CLANG_WARN_RANGE_LOOP_ANALYSIS = YES;
				CLANG_WARN_STRICT_PROTOTYPES = YES;
				CLANG_WARN_SUSPICIOUS_MOVE = YES;
				CLANG_WARN_UNGUARDED_AVAILABILITY = YES_AGGRESSIVE;
				CLANG_WARN_UNREACHABLE_CODE = YES;
				CLANG_WARN__DUPLICATE_METHOD_MATCH = YES;
				CODE_SIGN_IDENTITY = "iPhone Developer";
				COPY_PHASE_STRIP = NO;
				DEBUG_INFORMATION_FORMAT = "dwarf-with-dsym";
				ENABLE_NS_ASSERTIONS = NO;
				ENABLE_STRICT_OBJC_MSGSEND = YES;
				GCC_C_LANGUAGE_STANDARD = gnu11;
				GCC_NO_COMMON_BLOCKS = YES;
				GCC_WARN_64_TO_32_BIT_CONVERSION = YES;
				GCC_WARN_ABOUT_RETURN_TYPE = YES_ERROR;
				GCC_WARN_UNDECLARED_SELECTOR = YES;
				GCC_WARN_UNINITIALIZED_AUTOS = YES_AGGRESSIVE;
				GCC_WARN_UNUSED_FUNCTION = YES;
				GCC_WARN_UNUSED_VARIABLE = YES;
				IPHONEOS_DEPLOYMENT_TARGET = 12.4;
				MTL_ENABLE_DEBUG_INFO = NO;
				MTL_FAST_MATH = YES;
				SDKROOT = iphoneos;
				SWIFT_COMPILATION_MODE = wholemodule;
				SWIFT_OPTIMIZATION_LEVEL = "-O";
				VALIDATE_PRODUCT = YES;
			};
			name = Release;
		};
		DA3FE6E422F3E32F005F2FFD /* Debug */ = {
			isa = XCBuildConfiguration;
			buildSettings = {
				ASSETCATALOG_COMPILER_APPICON_NAME = AppIcon;
				CODE_SIGN_STYLE = Automatic;
				DEVELOPMENT_TEAM = ZGXYB2UJT9;
				INFOPLIST_FILE = "About me/Info.plist";
				LD_RUNPATH_SEARCH_PATHS = (
					"$(inherited)",
					"@executable_path/Frameworks",
				);
				PRODUCT_BUNDLE_IDENTIFIER = "Brisk.About-me";
				PRODUCT_NAME = "$(TARGET_NAME)";
				SWIFT_VERSION = 5.0;
				TARGETED_DEVICE_FAMILY = "1,2";
			};
			name = Debug;
		};
		DA3FE6E522F3E32F005F2FFD /* Release */ = {
			isa = XCBuildConfiguration;
			buildSettings = {
				ASSETCATALOG_COMPILER_APPICON_NAME = AppIcon;
				CODE_SIGN_STYLE = Automatic;
				DEVELOPMENT_TEAM = ZGXYB2UJT9;
				INFOPLIST_FILE = "About me/Info.plist";
				LD_RUNPATH_SEARCH_PATHS = (
					"$(inherited)",
					"@executable_path/Frameworks",
				);
				PRODUCT_BUNDLE_IDENTIFIER = "Brisk.About-me";
				PRODUCT_NAME = "$(TARGET_NAME)";
				SWIFT_VERSION = 5.0;
				TARGETED_DEVICE_FAMILY = "1,2";
			};
			name = Release;
		};
/* End XCBuildConfiguration section */

/* Begin XCConfigurationList section */
		DA3FE6CC22F3E32D005F2FFD /* Build configuration list for PBXProject "About me" */ = {
			isa = XCConfigurationList;
			buildConfigurations = (
				DA3FE6E122F3E32F005F2FFD /* Debug */,
				DA3FE6E222F3E32F005F2FFD /* Release */,
			);
			defaultConfigurationIsVisible = 0;
			defaultConfigurationName = Release;
		};
		DA3FE6E322F3E32F005F2FFD /* Build configuration list for PBXNativeTarget "About me" */ = {
			isa = XCConfigurationList;
			buildConfigurations = (
				DA3FE6E422F3E32F005F2FFD /* Debug */,
				DA3FE6E522F3E32F005F2FFD /* Release */,
			);
			defaultConfigurationIsVisible = 0;
			defaultConfigurationName = Release;
		};
/* End XCConfigurationList section */
	};
	rootObject = DA3FE6C922F3E32D005F2FFD /* Project object */;
}
